
Microsoft Visual Studio Solution File, Format Version 12.00
# Visual Studio Version 16
VisualStudioVersion = 16.0.30611.23
MinimumVisualStudioVersion = 10.0.40219.1
Project("{FAE04EC0-301F-11D3-BF4B-00C04F79EFBC}") = "Employeemedium", "Employeemedium\Employeemedium.csproj", "{0E8736C5-06F4-4A6F-ADFD-AC6FC4155551}"
EndProject
Global
	GlobalSection(SolutionConfigurationPlatforms) = preSolution
		Debug|Any CPU = Debug|Any CPU
		Release|Any CPU = Release|Any CPU
	EndGlobalSection
	GlobalSection(ProjectConfigurationPlatforms) = postSolution
		{0E8736C5-06F4-4A6F-ADFD-AC6FC4155551}.Debug|Any CPU.ActiveCfg = Debug|Any CPU
		{0E8736C5-06F4-4A6F-ADFD-AC6FC4155551}.Debug|Any CPU.Build.0 = Debug|Any CPU
		{0E8736C5-06F4-4A6F-ADFD-AC6FC4155551}.Release|Any CPU.ActiveCfg = Release|Any CPU
		{0E8736C5-06F4-4A6F-ADFD-AC6FC4155551}.Release|Any CPU.Build.0 = Release|Any CPU
	EndGlobalSection
	GlobalSection(SolutionProperties) = preSolution
		HideSolutionNode = FALSE
	EndGlobalSection
	GlobalSection(ExtensibilityGlobals) = postSolution
		SolutionGuid = {7283DCDB-8EB8-4443-8FE5-40DC4407BF1E}
	EndGlobalSection
EndGlobal
